<?xml version="1.0" encoding="utf-8"?>
<Project ToolsVersion="4.0" xmlns="http://schemas.microsoft.com/developer/msbuild/2003">
  <ItemGroup>
    <Filter Include="Source Files">
      <UniqueIdentifier>{4FC737F1-C7A5-4376-A066-2A32D752A2FF}</UniqueIdentifier>
      <Extensions>qml;cpp;c;cc;cxx;def;odl;idl;hpj;bat;asm;asmx</Extensions>
    </Filter>
    <Filter Include="Header Files">
      <UniqueIdentifier>{93995380-89BD-4b04-88EB-625FBE52EBFB}</UniqueIdentifier>
      <Extensions>h;hh;hpp;hxx;hm;inl;inc;xsd</Extensions>
    </Filter>
    <Filter Include="Resource Files">
      <UniqueIdentifier>{67DA6AB6-F800-4c08-8B7A-83BB121AAD01}</UniqueIdentifier>
      <Extensions>qrc;rc;ico;cur;bmp;dlg;rc2;rct;bin;rgs;gif;jpg;jpeg;jpe;resx;tiff;tif;png;wav;mfcribbon-ms</Extensions>
    </Filter>
    <Filter Include="Form Files">
      <UniqueIdentifier>{99349809-55BA-4b9d-BF79-8FDBB0286EB3}</UniqueIdentifier>
      <Extensions>ui</Extensions>
    </Filter>
    <Filter Include="Translation Files">
      <UniqueIdentifier>{639EADAA-A684-42e4-A9AD-28FC9BCB8F7C}</UniqueIdentifier>
      <Extensions>ts</Extensions>
    </Filter>
  </ItemGroup>
  <ItemGroup>
    <QtRcc Include="Frontend.qrc">
      <Filter>Resource Files</Filter>
    </QtRcc>
  </ItemGroup>
  <ItemGroup>
    <ClCompile Include="main.cpp">
      <Filter>Source Files</Filter>
    </ClCompile>
    <ClCompile Include="API\Requests\Requests.cpp">
      <Filter>Source Files</Filter>
    </ClCompile>
    <ClCompile Include="Utils\UserInfo\UserInfo.cpp">
      <Filter>Source Files</Filter>
    </ClCompile>
    <ClCompile Include="Widgets\LobbyPlayerInfoWidget\LobbyPlayerInfoWidget.cpp">
      <Filter>Source Files</Filter>
    </ClCompile>
    <ClCompile Include="Widgets\PaintWidget\PaintWidget.cpp">
      <Filter>Source Files</Filter>
    </ClCompile>
    <ClCompile Include="Widgets\CustomQMessageBox\CustomQMessageBox.cpp">
      <Filter>Source Files</Filter>
    </ClCompile>
    <ClCompile Include="Widgets\DisplayPaintWidget\DisplayPaintWidget.cpp">
      <Filter>Source Files</Filter>
    </ClCompile>
    <ClCompile Include="Windows\Lobby\Lobby.cpp">
      <Filter>Source Files</Filter>
    </ClCompile>
    <ClCompile Include="Windows\Register\Register.cpp">
      <Filter>Source Files</Filter>
    </ClCompile>
    <ClCompile Include="Windows\JoinGame\JoinGame.cpp">
      <Filter>Source Files</Filter>
    </ClCompile>
    <ClCompile Include="Windows\JoinRoom\JoinRoom.cpp">
      <Filter>Source Files</Filter>
    </ClCompile>
    <ClCompile Include="Windows\GameWindow\GameWindow.cpp">
      <Filter>Source Files</Filter>
    </ClCompile>
    <ClCompile Include="Utils\LobbyData\LobbyData.cpp">
      <Filter>Source Files</Filter>
    </ClCompile>
    <ClCompile Include="API\ResponseHandler\ResponseHandler.cpp">
      <Filter>Source Files</Filter>
    </ClCompile>
    <ClCompile Include="Windows\Login\Login.cpp">
      <Filter>Source Files</Filter>
    </ClCompile>
    <ClCompile Include="Utils\WindowManager\WindowManager.cpp">
      <Filter>Source Files</Filter>
    </ClCompile>
    <ClCompile Include="Windows\UserProfile\UserProfile.cpp">
      <Filter>Source Files</Filter>
    </ClCompile>
    <ClCompile Include="Utils\CurrentUser\CurrentUser.cpp">
      <Filter>Source Files</Filter>
    </ClCompile>
  </ItemGroup>
  <ItemGroup>
    <ClInclude Include="API\Requests\Requests.h">
      <Filter>Header Files</Filter>
    </ClInclude>
    <ClInclude Include="Utils\UserInfo\UserInfo.h">
      <Filter>Header Files</Filter>
    </ClInclude>
    <ClInclude Include="Widgets\CustomQMessageBox\CustomQMessageBox.h">
      <Filter>Header Files</Filter>
    </ClInclude>
    <ClInclude Include="Utils\LobbyData\LobbyData.h">
      <Filter>Header Files</Filter>
    </ClInclude>
    <ClInclude Include="API\ApiEndpoints\ApiEndpoints.h">
      <Filter>Header Files</Filter>
    </ClInclude>
    <ClInclude Include="API\ResponseHandler\ResponseHandler.h">
      <Filter>Header Files</Filter>
    </ClInclude>
    <ClInclude Include="Utils\CurrentUser\CurrentUser.h">
      <Filter>Header Files</Filter>
    </ClInclude>
  </ItemGroup>
  <ItemGroup>
    <QtMoc Include="Widgets\LobbyPlayerInfoWidget\LobbyPlayerInfoWidget.h">
      <Filter>Header Files</Filter>
    </QtMoc>
    <QtMoc Include="Widgets\PaintWidget\PaintWidget.h">
      <Filter>Header Files</Filter>
    </QtMoc>
    <QtMoc Include="Widgets\DisplayPaintWidget\DisplayPaintWidget.h">
      <Filter>Header Files</Filter>
    </QtMoc>
    <QtMoc Include="Windows\Register\Register.h">
      <Filter>Header Files</Filter>
    </QtMoc>
    <QtMoc Include="Windows\JoinGame\JoinGame.h">
      <Filter>Header Files</Filter>
    </QtMoc>
    <QtMoc Include="Windows\JoinRoom\JoinRoom.h">
      <Filter>Header Files</Filter>
    </QtMoc>
    <QtMoc Include="Windows\Lobby\Lobby.h">
      <Filter>Header Files</Filter>
    </QtMoc>
    <QtMoc Include="Windows\GameWindow\GameWindow.h">
      <Filter>Header Files</Filter>
    </QtMoc>
    <QtMoc Include="Windows\Login\Login.h">
      <Filter>Header Files</Filter>
    </QtMoc>
    <QtMoc Include="Utils\WindowManager\WindowManager.h">
      <Filter>Header Files</Filter>
    </QtMoc>
    <QtMoc Include="Windows\UserProfile\UserProfile.h">
      <Filter>Header Files</Filter>
    </QtMoc>
  </ItemGroup>
  <ItemGroup>
    <QtUic Include="Widgets\LobbyPlayerInfoWidget\LobbyPlayerInfoWidget.ui">
      <Filter>Form Files</Filter>
    </QtUic>
    <QtUic Include="Widgets\PaintWidget\PaintWidget.ui">
      <Filter>Form Files</Filter>
    </QtUic>
    <QtUic Include="Widgets\DisplayPaintWidget\DisplayPaintWidget.ui">
      <Filter>Form Files</Filter>
    </QtUic>
    <QtUic Include="Windows\JoinRoom\JoinRoom.ui">
      <Filter>Form Files</Filter>
    </QtUic>
    <QtUic Include="Windows\JoinGame\JoinGame.ui">
      <Filter>Form Files</Filter>
    </QtUic>
    <QtUic Include="Windows\Lobby\Lobby.ui">
      <Filter>Form Files</Filter>
    </QtUic>
    <QtUic Include="Windows\GameWindow\GameWindow.ui">
      <Filter>Form Files</Filter>
    </QtUic>
    <QtUic Include="Windows\Register\Register.ui">
      <Filter>Form Files</Filter>
    </QtUic>
    <QtUic Include="Windows\Login\Login.ui">
      <Filter>Form Files</Filter>
    </QtUic>
    <QtUic Include="Windows\UserProfile\UserProfile.ui">
      <Filter>Form Files</Filter>
    </QtUic>
  </ItemGroup>
</Project>