<?xml version="1.0" encoding="utf-8"?>
<Project ToolsVersion="4.0" xmlns="http://schemas.microsoft.com/developer/msbuild/2003">
  <ItemGroup>
    <Filter Include="API">
      <UniqueIdentifier>{73f4cca4-6371-41d8-b37c-55e8f902cf98}</UniqueIdentifier>
    </Filter>
    <Filter Include="Functions">
      <UniqueIdentifier>{23b7543c-0862-44b5-b338-382c88fd631e}</UniqueIdentifier>
    </Filter>
    <Filter Include="Modules">
      <UniqueIdentifier>{b7797010-aac4-4eb9-b845-2e3ed783290e}</UniqueIdentifier>
    </Filter>
    <Filter Include="Modules\Headers">
      <UniqueIdentifier>{6d875b8c-b5aa-4b8f-a947-569faa26fda7}</UniqueIdentifier>
    </Filter>
  </ItemGroup>
  <ItemGroup>
    <ClCompile Include="main.cpp" />
    <ClCompile Include="Game\GameManager.cppm" />
    <ClCompile Include="Game\HistoryManager.cppm" />
    <ClCompile Include="Game\QueueManager.cppm" />
    <ClCompile Include="Game\UserManager.cppm" />
    <ClCompile Include="BaseResponse.cppm" />
    <ClCompile Include="Configuration\Config.cppm" />
    <ClCompile Include="Contexts\User\UserLoginContext.cppm" />
    <ClCompile Include="GameData\GameModule.cppm" />
    <ClCompile Include="GameStart\StartGameRequest.cppm" />
    <ClCompile Include="GameStart\StartGameResponse.cppm" />
    <ClCompile Include="Contexts\User\UserRegistrationContext.cppm" />
    <ClCompile Include="SqlDatabase\SqlDatabase.cpp" />
    <ClCompile Include="UserData\Credentials.cppm" />
    <ClCompile Include="UserData\GameData.cppm" />
    <ClCompile Include="UserData\User.cppm" />
    <ClCompile Include="UserLogin\UserLoginRequest.cppm" />
    <ClCompile Include="UserLogin\UserLoginResponse.cppm" />
    <ClCompile Include="UserRegistration\UserRegistrationResponse.cppm" />
    <ClCompile Include="UserRegistration\UserRegistrationRequest.cppm" />
  </ItemGroup>
  <ItemGroup>
    <ClInclude Include="API\Game\CreateLobby.h" />
    <ClInclude Include="Contexts\Game\CreateLobbyContext.h" />
    <ClInclude Include="Contexts\Game\StartGameContext.h" />
    <ClInclude Include="Lobby\CreateLobbyRequest.h" />
    <ClInclude Include="Lobby\CreateLobbyResponse.h" />
    <ClInclude Include="API\Game\StartGame.h" />
    <ClInclude Include="API\User\UserLogin.h" />
    <ClInclude Include="API\User\UserRegistration.h" />
    <ClInclude Include="Constants.h" />
    <ClInclude Include="SqlDatabase\SqlDatabase.h" />
    <ClInclude Include="Utils\JsonConvertor.h" />
  </ItemGroup>
  <ItemGroup>
    <Text Include="unique_words.txt" />
  </ItemGroup>
</Project>