<?xml version="1.0" encoding="utf-8"?>
<Project ToolsVersion="4.0" xmlns="http://schemas.microsoft.com/developer/msbuild/2003">
  <ItemGroup>
    <Filter Include="API">
      <UniqueIdentifier>{73f4cca4-6371-41d8-b37c-55e8f902cf98}</UniqueIdentifier>
    </Filter>
    <Filter Include="Functions">
      <UniqueIdentifier>{23b7543c-0862-44b5-b338-382c88fd631e}</UniqueIdentifier>
    </Filter>
    <Filter Include="Modules">
      <UniqueIdentifier>{b7797010-aac4-4eb9-b845-2e3ed783290e}</UniqueIdentifier>
    </Filter>
    <Filter Include="Modules\Headers">
      <UniqueIdentifier>{6d875b8c-b5aa-4b8f-a947-569faa26fda7}</UniqueIdentifier>
    </Filter>
  </ItemGroup>
  <ItemGroup>
    <ClCompile Include="main.cpp" />
    <ClCompile Include="BaseResponse.cppm" />
    <ClCompile Include="Configuration\Config.cppm" />
    <ClCompile Include="Contexts\User\UserLoginContext.cppm" />
    <ClCompile Include="GameData\GameModule.cppm" />
    <ClCompile Include="Contexts\User\UserRegistrationContext.cppm" />
    <ClCompile Include="SqlDatabase\SqlDatabase.cpp" />
    <ClCompile Include="UserData\Credentials.cppm" />
    <ClCompile Include="UserData\GameData.cppm" />
    <ClCompile Include="UserData\User.cppm" />
    <ClCompile Include="Contexts\User\UserInfoContext.cppm" />
    <ClCompile Include="Infrastructure\UserInfo\UserInfoRequest.cppm" />
    <ClCompile Include="Infrastructure\UserInfo\UserInfoResponse.cppm" />
    <ClCompile Include="Infrastructure\GameStart\StartGameRequest.cppm" />
    <ClCompile Include="Infrastructure\GameStart\StartGameResponse.cppm" />
    <ClCompile Include="Infrastructure\UserLogin\UserLoginRequest.cppm" />
    <ClCompile Include="Infrastructure\UserLogin\UserLoginResponse.cppm" />
    <ClCompile Include="Infrastructure\UserRegistration\UserRegistrationRequest.cppm" />
    <ClCompile Include="Infrastructure\UserRegistration\UserRegistrationResponse.cppm" />
    <ClCompile Include="Infrastructure\Lobby\JoinLobbyRequest.cppm" />
    <ClCompile Include="Infrastructure\Lobby\JoinLobbyResponse.cppm" />
    <ClCompile Include="Infrastructure\Lobby\LeaveLobbyRequest.cppm" />
    <ClCompile Include="Infrastructure\Lobby\LeaveLobbyResponse.cppm" />
    <ClCompile Include="Contexts\Game\Lobby\GetLobbyStatusContext.cpp" />
    <ClCompile Include="Infrastructure\Lobby\Status\GetLobbyStatusRequest.cpp" />
    <ClCompile Include="Infrastructure\Lobby\Status\GetLobbyStatusResponse.cpp" />
  </ItemGroup>
  <ItemGroup>
    <ClInclude Include="API\Game\CreateLobby.h" />
    <ClInclude Include="Contexts\Game\CreateLobbyContext.h" />
    <ClInclude Include="Contexts\Game\StartGameContext.h" />
    <ClInclude Include="API\Game\StartGame.h" />
    <ClInclude Include="API\User\UserLogin.h" />
    <ClInclude Include="API\User\UserRegistration.h" />
    <ClInclude Include="Constants.h" />
    <ClInclude Include="SqlDatabase\SqlDatabase.h" />
    <ClInclude Include="Utils\JsonConvertor.h" />
    <ClInclude Include="Infrastructure\Lobby\CreateLobbyRequest.h" />
    <ClInclude Include="Infrastructure\Lobby\CreateLobbyResponse.h" />
    <ClInclude Include="API\User\GetUserInfo.h" />
    <ClInclude Include="Contexts\Game\JoinLobbyContext.h" />
    <ClInclude Include="API\Game\JoinLobby.h" />
    <ClInclude Include="API\Game\LeaveLobby.h" />
    <ClInclude Include="Contexts\BaseContext.h" />
    <ClInclude Include="Contexts\Game\LeaveLobbyContext.h" />
    <ClInclude Include="Infrastructure\Lobby\UpdateLobbyRequest.h" />
    <ClInclude Include="Infrastructure\Lobby\UpdateLobbyResponse.h" />
    <ClInclude Include="Contexts\Game\UpdateLobbyContext.h" />
    <ClInclude Include="API\Game\UpdateLobby.h" />
    <ClInclude Include="API\Game\LobbyStatus.h" />
    <ClInclude Include="Contexts\Game\Lobby\GetLobbyStatusContext.h" />
    <ClInclude Include="Infrastructure\Lobby\Status\GetLobbyStatusRequest.h" />
    <ClInclude Include="Infrastructure\Lobby\Status\GetLobbyStatusResponse.h" />
    <ClInclude Include="Infrastructure\Lobby\JoinRandomLobbyRequest.h" />
  </ItemGroup>
  <ItemGroup>
    <Text Include="unique_words.txt" />
  </ItemGroup>
</Project>